
Microsoft Visual Studio Solution File, Format Version 12.00
# Visual Studio 15
VisualStudioVersion = 15.0.27703.2042
MinimumVisualStudioVersion = 10.0.40219.1
Project("{FAE04EC0-301F-11D3-BF4B-00C04F79EFBC}") = "MedicalPlus", "MedicalPlus\MedicalPlus.csproj", "{BC2F7FCC-E540-4669-8817-0102A6D28FE6}"
EndProject
Global
	GlobalSection(SolutionConfigurationPlatforms) = preSolution
		Debug|Any CPU = Debug|Any CPU
		Release|Any CPU = Release|Any CPU
	EndGlobalSection
	GlobalSection(ProjectConfigurationPlatforms) = postSolution
		{BC2F7FCC-E540-4669-8817-0102A6D28FE6}.Debug|Any CPU.ActiveCfg = Debug|Any CPU
		{BC2F7FCC-E540-4669-8817-0102A6D28FE6}.Debug|Any CPU.Build.0 = Debug|Any CPU
		{BC2F7FCC-E540-4669-8817-0102A6D28FE6}.Release|Any CPU.ActiveCfg = Release|Any CPU
		{BC2F7FCC-E540-4669-8817-0102A6D28FE6}.Release|Any CPU.Build.0 = Release|Any CPU
	EndGlobalSection
	GlobalSection(SolutionProperties) = preSolution
		HideSolutionNode = FALSE
	EndGlobalSection
	GlobalSection(ExtensibilityGlobals) = postSolution
		SolutionGuid = {3C2D8F63-FDBD-4572-9ACF-644EA301BF37}
	EndGlobalSection
EndGlobal
